lockfileVersion: 5.4

specifiers:
  '@uniswap/sdk-core': ^3.2.2
  abitype: ^0.8.3
  rome: ^12.1.0
  typescript: ^5.0.4
  viem: ^0.3.24

dependencies:
  '@uniswap/sdk-core': 3.2.2
  abitype: 0.8.3_typescript@5.0.4
  viem: 0.3.24_typescript@5.0.4

devDependencies:
  rome: 12.1.0
  typescript: 5.0.4

packages:

  /@adraffy/ens-normalize/1.9.0:
    resolution: {integrity: sha512-iowxq3U30sghZotgl4s/oJRci6WPBfNO5YYgk2cIOMCHr3LeGPcsZjCEr+33Q4N+oV3OABDAtA+pyvWjbvBifQ==}
    dev: false

  /@ethersproject/address/5.7.0:
    resolution: {integrity: sha512-9wYhYt7aghVGo758POM5nqcOMaE168Q6aRLJZwUmiqSrAungkG74gSSeKEIR7ukixesdRZGPgVqme6vmxs1fkA==}
    dependencies:
      '@ethersproject/bignumber': 5.7.0
      '@ethersproject/bytes': 5.7.0
      '@ethersproject/keccak256': 5.7.0
      '@ethersproject/logger': 5.7.0
      '@ethersproject/rlp': 5.7.0
    dev: false

  /@ethersproject/bignumber/5.7.0:
    resolution: {integrity: sha512-n1CAdIHRWjSucQO3MC1zPSVgV/6dy/fjL9pMrPP9peL+QxEg9wOsVqwD4+818B6LUEtaXzVHQiuivzRoxPxUGw==}
    dependencies:
      '@ethersproject/bytes': 5.7.0
      '@ethersproject/logger': 5.7.0
      bn.js: 5.2.1
    dev: false

  /@ethersproject/bytes/5.7.0:
    resolution: {integrity: sha512-nsbxwgFXWh9NyYWo+U8atvmMsSdKJprTcICAkvbBffT75qDocbuggBU0SJiVK2MuTrp0q+xvLkTnGMPK1+uA9A==}
    dependencies:
      '@ethersproject/logger': 5.7.0
    dev: false

  /@ethersproject/keccak256/5.7.0:
    resolution: {integrity: sha512-2UcPboeL/iW+pSg6vZ6ydF8tCnv3Iu/8tUmLLzWWGzxWKFFqOBQFLo6uLUv6BDrLgCDfN28RJ/wtByx+jZ4KBg==}
    dependencies:
      '@ethersproject/bytes': 5.7.0
      js-sha3: 0.8.0
    dev: false

  /@ethersproject/logger/5.7.0:
    resolution: {integrity: sha512-0odtFdXu/XHtjQXJYA3u9G0G8btm0ND5Cu8M7i5vhEcE8/HmF4Lbdqanwyv4uQTr2tx6b7fQRmgLrsnpQlmnig==}
    dev: false

  /@ethersproject/rlp/5.7.0:
    resolution: {integrity: sha512-rBxzX2vK8mVF7b0Tol44t5Tb8gomOHkj5guL+HhzQ1yBh/ydjGnpw6at+X6Iw0Kp3OzzzkcKp8N9r0W4kYSs9w==}
    dependencies:
      '@ethersproject/bytes': 5.7.0
      '@ethersproject/logger': 5.7.0
    dev: false

  /@noble/curves/1.0.0:
    resolution: {integrity: sha512-2upgEu0iLiDVDZkNLeFV2+ht0BAVgQnEmCk6JsOch9Rp8xfkMCbvbAZlA2pBHQc73dbl+vFOXfqkf4uemdn0bw==}
    dependencies:
      '@noble/hashes': 1.3.0
    dev: false

  /@noble/hashes/1.3.0:
    resolution: {integrity: sha512-ilHEACi9DwqJB0pw7kv+Apvh50jiiSyR/cQ3y4W7lOR5mhvn/50FLUfsnfJz0BDZtl/RR16kXvptiv6q1msYZg==}
    dev: false

  /@rometools/cli-darwin-arm64/12.1.0:
    resolution: {integrity: sha512-U9trIXqE+WVsPUQRE8vooh97jNcyC1cvhNO91Q31FfWgccfbiJbfiQzPewpQ1+UseyJIdpWFAYLs8VFykhAl3g==}
    cpu: [arm64]
    os: [darwin]
    requiresBuild: true
    dev: true
    optional: true

  /@rometools/cli-darwin-x64/12.1.0:
    resolution: {integrity: sha512-ePyRJwprT+POsGue1gdqPYOHojXfDz/OJI18renU0NI2CHeeeMhnquu+MZJaiBGyBd1ezIgWZWiQ4DhLFOaCUg==}
    cpu: [x64]
    os: [darwin]
    requiresBuild: true
    dev: true
    optional: true

  /@rometools/cli-linux-arm64/12.1.0:
    resolution: {integrity: sha512-j/pF6pF+lKihw7CIvwQZqQG9gpaUy2FyO9+nu5dvCChblXNEaA2zMnpLnDlCue0B7xY0jZkk1EZdF49ztEZZFA==}
    cpu: [arm64]
    os: [linux]
    requiresBuild: true
    dev: true
    optional: true

  /@rometools/cli-linux-x64/12.1.0:
    resolution: {integrity: sha512-zh6tW0JumP/rQkFDdsg6FEDBv0ZPvPLFirfHqzJA8VDNRBHkOTq27oVCbTJIGyUCGm9VvIzG8sJFVKkYpxkl2g==}
    cpu: [x64]
    os: [linux]
    requiresBuild: true
    dev: true
    optional: true

  /@rometools/cli-win32-arm64/12.1.0:
    resolution: {integrity: sha512-ggug6gUWFnO2QK0KC5XsYRhuZ22jeLksebdHMnkaHzZBtxXnKMC7yXnYwU/Lg2fGAwmMsluIbaqFYgen4+c8RA==}
    cpu: [arm64]
    os: [win32]
    requiresBuild: true
    dev: true
    optional: true

  /@rometools/cli-win32-x64/12.1.0:
    resolution: {integrity: sha512-TnurdnlzBwcvRSsgmNz9Gorffnjr5cS8TdHo9w+3pT4GdSsrLZqvd1IV2tj4uRKkNn6OJtSqW3tZ5SiTrf0LuA==}
    cpu: [x64]
    os: [win32]
    requiresBuild: true
    dev: true
    optional: true

  /@scure/base/1.1.1:
    resolution: {integrity: sha512-ZxOhsSyxYwLJj3pLZCefNitxsj093tb2vq90mp2txoYeBqbcjDjqFhyM8eUjq/uFm6zJ+mUuqxlS2FkuSY1MTA==}
    dev: false

  /@scure/bip32/1.3.0:
    resolution: {integrity: sha512-bcKpo1oj54hGholplGLpqPHRbIsnbixFtc06nwuNM5/dwSXOq/AAYoIBRsBmnZJSdfeNW5rnff7NTAz3ZCqR9Q==}
    dependencies:
      '@noble/curves': 1.0.0
      '@noble/hashes': 1.3.0
      '@scure/base': 1.1.1
    dev: false

  /@scure/bip39/1.2.0:
    resolution: {integrity: sha512-SX/uKq52cuxm4YFXWFaVByaSHJh2w3BnokVSeUJVCv6K7WulT9u2BuNRBhuFl8vAuYnzx9bEu9WgpcNYTrYieg==}
    dependencies:
      '@noble/hashes': 1.3.0
      '@scure/base': 1.1.1
    dev: false

  /@uniswap/sdk-core/3.2.2:
    resolution: {integrity: sha512-dPA34T8EVfFzKtw1NC1Mr7M0aXpY1UN+lUpdBv757JxKKMlGQTg96XTIfjYCflqEshxlBdz2+IVQgk6H+dMu5g==}
    engines: {node: '>=10'}
    dependencies:
      '@ethersproject/address': 5.7.0
      big.js: 5.2.2
      decimal.js-light: 2.5.1
      jsbi: 3.2.5
      tiny-invariant: 1.3.1
      toformat: 2.0.0
    dev: false

  /@wagmi/chains/0.2.16_typescript@5.0.4:
    resolution: {integrity: sha512-rkWaI2PxCnbD8G07ZZff5QXftnSkYL0h5f4DkHCG3fGYYr/ZDvmCL4bMae7j7A9sAif1csPPBmbCzHp3R5ogCQ==}
    peerDependencies:
      typescript: '>=4.9.4'
    peerDependenciesMeta:
      typescript:
        optional: true
    dependencies:
      typescript: 5.0.4
    dev: false

  /abitype/0.8.2_typescript@5.0.4:
    resolution: {integrity: sha512-B1ViNMGpfx/qjVQi0RTc2HEFHuR9uoCoTEkwELT5Y7pBPtBbctYijz9BK6+Kd0hQ3S70FhYTO2dWWk0QNUEXMA==}
    peerDependencies:
      typescript: '>=5.0.4'
      zod: ^3 >=3.19.1
    peerDependenciesMeta:
      zod:
        optional: true
    dependencies:
      typescript: 5.0.4
    dev: false

  /abitype/0.8.3_typescript@5.0.4:
    resolution: {integrity: sha512-ma+fOVhoLOq68Ht8ysPS+sEIModycx6oqxP9r1Cx79rzcEO7m0beo8o9dxIlZFLn8qv+PczL/Zs4whI5KmhVJg==}
    peerDependencies:
      typescript: '>=5.0.4'
      zod: ^3 >=3.19.1
    peerDependenciesMeta:
      zod:
        optional: true
    dependencies:
      typescript: 5.0.4
    dev: false

  /big.js/5.2.2:
    resolution: {integrity: sha512-vyL2OymJxmarO8gxMr0mhChsO9QGwhynfuu4+MHTAW6czfq9humCB7rKpUjDd9YUiDPU4mzpyupFSvOClAwbmQ==}
    dev: false

  /bn.js/5.2.1:
    resolution: {integrity: sha512-eXRvHzWyYPBuB4NBy0cmYQjGitUrtqwbvlzP3G6VFnNRbsZQIxQ10PbKKHt8gZ/HW/D/747aDl+QkDqg3KQLMQ==}
    dev: false

  /decimal.js-light/2.5.1:
    resolution: {integrity: sha512-qIMFpTMZmny+MMIitAB6D7iVPEorVw6YQRWkvarTkT4tBeSLLiHzcwj6q0MmYSFCiVpiqPJTJEYIrpcPzVEIvg==}
    dev: false

  /isomorphic-ws/5.0.0_ws@8.12.0:
    resolution: {integrity: sha512-muId7Zzn9ywDsyXgTIafTry2sV3nySZeUDe6YedVd1Hvuuep5AsIlqK+XefWpYTyJG5e503F2xIuT2lcU6rCSw==}
    peerDependencies:
      ws: '*'
    dependencies:
      ws: 8.12.0
    dev: false

  /js-sha3/0.8.0:
    resolution: {integrity: sha512-gF1cRrHhIzNfToc802P800N8PpXS+evLLXfsVpowqmAFR9uwbi89WvXg2QspOmXL8QL86J4T1EpFu+yUkwJY3Q==}
    dev: false

  /jsbi/3.2.5:
    resolution: {integrity: sha512-aBE4n43IPvjaddScbvWRA2YlTzKEynHzu7MqOyTipdHucf/VxS63ViCjxYRg86M8Rxwbt/GfzHl1kKERkt45fQ==}
    dev: false

  /rome/12.1.0:
    resolution: {integrity: sha512-inIBYc2/Das6LDXcw8IQp7yeXth6Rhmj9y8sS/Y/0g5/29Lyzr785SjCmKyiN2No4MNsaP3YJNm2QZAs2UpR2w==}
    engines: {node: '>=14.*'}
    hasBin: true
    requiresBuild: true
    optionalDependencies:
      '@rometools/cli-darwin-arm64': 12.1.0
      '@rometools/cli-darwin-x64': 12.1.0
      '@rometools/cli-linux-arm64': 12.1.0
      '@rometools/cli-linux-x64': 12.1.0
      '@rometools/cli-win32-arm64': 12.1.0
      '@rometools/cli-win32-x64': 12.1.0
    dev: true

  /tiny-invariant/1.3.1:
    resolution: {integrity: sha512-AD5ih2NlSssTCwsMznbvwMZpJ1cbhkGd2uueNxzv2jDlEeZdU04JQfRnggJQ8DrcVBGjAsCKwFBbDlVNtEMlzw==}
    dev: false

  /toformat/2.0.0:
    resolution: {integrity: sha512-03SWBVop6nU8bpyZCx7SodpYznbZF5R4ljwNLBcTQzKOD9xuihRo/psX58llS1BMFhhAI08H3luot5GoXJz2pQ==}
    dev: false

  /typescript/5.0.4:
    resolution: {integrity: sha512-cW9T5W9xY37cc+jfEnaUvX91foxtHkza3Nw3wkoF4sSlKn0MONdkdEndig/qPBWXNkmplh3NzayQzCiHM4/hqw==}
    engines: {node: '>=12.20'}
    hasBin: true

  /viem/0.3.24_typescript@5.0.4:
    resolution: {integrity: sha512-Oa2FgJ4mswl1I6nPPnyBnt+9+8w4/xcw4XjB1q115g9JJOqX8Ic9nq4Z31lDAonjtCca+K7u1M30t1lFXafqFg==}
    dependencies:
      '@adraffy/ens-normalize': 1.9.0
      '@noble/curves': 1.0.0
      '@noble/hashes': 1.3.0
      '@scure/bip32': 1.3.0
      '@scure/bip39': 1.2.0
      '@wagmi/chains': 0.2.16_typescript@5.0.4
      abitype: 0.8.2_typescript@5.0.4
      isomorphic-ws: 5.0.0_ws@8.12.0
      ws: 8.12.0
    transitivePeerDependencies:
      - bufferutil
      - typescript
      - utf-8-validate
      - zod
    dev: false

  /ws/8.12.0:
    resolution: {integrity: sha512-kU62emKIdKVeEIOIKVegvqpXMSTAMLJozpHZaJNDYqBjzlSYXQGviYwN1osDLJ9av68qHd4a2oSjd7yD4pacig==}
    engines: {node: '>=10.0.0'}
    peerDependencies:
      bufferutil: ^4.0.1
      utf-8-validate: '>=5.0.2'
    peerDependenciesMeta:
      bufferutil:
        optional: true
      utf-8-validate:
        optional: true
    dev: false
